
Microsoft Visual Studio Solution File, Format Version 12.00
Project("{FAE04EC0-301F-11D3-BF4B-00C04F79EFBC}") = "LeetCodeAssignment4", "LeetCodeAssignment4\LeetCodeAssignment4.csproj", "{D9FD9BC5-FC46-4712-A7BB-08C103E309B7}"
EndProject
Global
	GlobalSection(SolutionConfigurationPlatforms) = preSolution
		Debug|Any CPU = Debug|Any CPU
		Release|Any CPU = Release|Any CPU
	EndGlobalSection
	GlobalSection(ProjectConfigurationPlatforms) = postSolution
		{D9FD9BC5-FC46-4712-A7BB-08C103E309B7}.Debug|Any CPU.ActiveCfg = Debug|Any CPU
		{D9FD9BC5-FC46-4712-A7BB-08C103E309B7}.Debug|Any CPU.Build.0 = Debug|Any CPU
		{D9FD9BC5-FC46-4712-A7BB-08C103E309B7}.Release|Any CPU.ActiveCfg = Release|Any CPU
		{D9FD9BC5-FC46-4712-A7BB-08C103E309B7}.Release|Any CPU.Build.0 = Release|Any CPU
	EndGlobalSection
EndGlobal
